
Microsoft Visual Studio Solution File, Format Version 12.00
# Visual Studio Version 16
VisualStudioVersion = 16.0.30907.101
MinimumVisualStudioVersion = 10.0.40219.1
Project("{FAE04EC0-301F-11D3-BF4B-00C04F79EFBC}") = "WebApplicationWebForms", "WebApplicationWebForms\WebApplicationWebForms.csproj", "{A67BDC00-DB37-483B-B3D0-3C39580ACE54}"
EndProject
Global
	GlobalSection(SolutionConfigurationPlatforms) = preSolution
		Debug|Any CPU = Debug|Any CPU
		Release|Any CPU = Release|Any CPU
	EndGlobalSection
	GlobalSection(ProjectConfigurationPlatforms) = postSolution
		{A67BDC00-DB37-483B-B3D0-3C39580ACE54}.Debug|Any CPU.ActiveCfg = Debug|Any CPU
		{A67BDC00-DB37-483B-B3D0-3C39580ACE54}.Debug|Any CPU.Build.0 = Debug|Any CPU
		{A67BDC00-DB37-483B-B3D0-3C39580ACE54}.Release|Any CPU.ActiveCfg = Release|Any CPU
		{A67BDC00-DB37-483B-B3D0-3C39580ACE54}.Release|Any CPU.Build.0 = Release|Any CPU
	EndGlobalSection
	GlobalSection(SolutionProperties) = preSolution
		HideSolutionNode = FALSE
	EndGlobalSection
	GlobalSection(ExtensibilityGlobals) = postSolution
		SolutionGuid = {8E2E16D2-A1C2-4237-9551-56ED578E226A}
	EndGlobalSection
EndGlobal
